{
  "name": "airweave",
  "lockfileVersion": 3,
  "requires": true,
  "packages": {
    "": {
      "dependencies": {
        "eventsource-polyfill": "^0.9.6"
      }
    },
    "node_modules/eventsource-polyfill": {
      "version": "0.9.6",
      "resolved": "https://registry.npmjs.org/eventsource-polyfill/-/eventsource-polyfill-0.9.6.tgz",
      "integrity": "sha512-LyMFp2oPDGhum2lMvkjqKZEwWd2/AoXyt8aoyftTBMWwPHNgU+2tdxhTHPluDxoz+z4gNj0uHAPR9nqevATMbg==",
      "license": "MIT"
    }
  }
}
